
Microsoft Visual Studio Solution File, Format Version 12.00
# Visual Studio Version 17
VisualStudioVersion = 17.9.34616.47
MinimumVisualStudioVersion = 10.0.40219.1
Project("{8BC9CEB8-8B4A-11D0-8D11-00A0C91BC942}") = "ioFile_115", "ioFile_115\ioFile_115.vcxproj", "{68E9E6F1-FB01-4360-9754-8F28AA85633B}"
EndProject
Project("{8BC9CEB8-8B4A-11D0-8D11-00A0C91BC942}") = "ioFileWithPath", "ioFileWithPath\ioFileWithPath.vcxproj", "{7C278365-1DF3-4CA0-999B-6FCFCC58CAD9}"
EndProject
Project("{8BC9CEB8-8B4A-11D0-8D11-00A0C91BC942}") = "exceptionstandar", "exceptionstandar\exceptionstandar.vcxproj", "{7141688D-B9D0-42B2-9C9F-3EA7D640F4CC}"
EndProject
Project("{8BC9CEB8-8B4A-11D0-8D11-00A0C91BC942}") = "Manualexceptiom", "Manualexceptiom\Manualexceptiom.vcxproj", "{6AE672B8-2292-4483-AE48-303D0FD1DDEB}"
EndProject
Global
	GlobalSection(SolutionConfigurationPlatforms) = preSolution
		Debug|x64 = Debug|x64
		Debug|x86 = Debug|x86
		Release|x64 = Release|x64
		Release|x86 = Release|x86
	EndGlobalSection
	GlobalSection(ProjectConfigurationPlatforms) = postSolution
		{68E9E6F1-FB01-4360-9754-8F28AA85633B}.Debug|x64.ActiveCfg = Debug|x64
		{68E9E6F1-FB01-4360-9754-8F28AA85633B}.Debug|x64.Build.0 = Debug|x64
		{68E9E6F1-FB01-4360-9754-8F28AA85633B}.Debug|x86.ActiveCfg = Debug|Win32
		{68E9E6F1-FB01-4360-9754-8F28AA85633B}.Debug|x86.Build.0 = Debug|Win32
		{68E9E6F1-FB01-4360-9754-8F28AA85633B}.Release|x64.ActiveCfg = Release|x64
		{68E9E6F1-FB01-4360-9754-8F28AA85633B}.Release|x64.Build.0 = Release|x64
		{68E9E6F1-FB01-4360-9754-8F28AA85633B}.Release|x86.ActiveCfg = Release|Win32
		{68E9E6F1-FB01-4360-9754-8F28AA85633B}.Release|x86.Build.0 = Release|Win32
		{7C278365-1DF3-4CA0-999B-6FCFCC58CAD9}.Debug|x64.ActiveCfg = Debug|x64
		{7C278365-1DF3-4CA0-999B-6FCFCC58CAD9}.Debug|x64.Build.0 = Debug|x64
		{7C278365-1DF3-4CA0-999B-6FCFCC58CAD9}.Debug|x86.ActiveCfg = Debug|Win32
		{7C278365-1DF3-4CA0-999B-6FCFCC58CAD9}.Debug|x86.Build.0 = Debug|Win32
		{7C278365-1DF3-4CA0-999B-6FCFCC58CAD9}.Release|x64.ActiveCfg = Release|x64
		{7C278365-1DF3-4CA0-999B-6FCFCC58CAD9}.Release|x64.Build.0 = Release|x64
		{7C278365-1DF3-4CA0-999B-6FCFCC58CAD9}.Release|x86.ActiveCfg = Release|Win32
		{7C278365-1DF3-4CA0-999B-6FCFCC58CAD9}.Release|x86.Build.0 = Release|Win32
		{7141688D-B9D0-42B2-9C9F-3EA7D640F4CC}.Debug|x64.ActiveCfg = Debug|x64
		{7141688D-B9D0-42B2-9C9F-3EA7D640F4CC}.Debug|x64.Build.0 = Debug|x64
		{7141688D-B9D0-42B2-9C9F-3EA7D640F4CC}.Debug|x86.ActiveCfg = Debug|Win32
		{7141688D-B9D0-42B2-9C9F-3EA7D640F4CC}.Debug|x86.Build.0 = Debug|Win32
		{7141688D-B9D0-42B2-9C9F-3EA7D640F4CC}.Release|x64.ActiveCfg = Release|x64
		{7141688D-B9D0-42B2-9C9F-3EA7D640F4CC}.Release|x64.Build.0 = Release|x64
		{7141688D-B9D0-42B2-9C9F-3EA7D640F4CC}.Release|x86.ActiveCfg = Release|Win32
		{7141688D-B9D0-42B2-9C9F-3EA7D640F4CC}.Release|x86.Build.0 = Release|Win32
		{6AE672B8-2292-4483-AE48-303D0FD1DDEB}.Debug|x64.ActiveCfg = Debug|x64
		{6AE672B8-2292-4483-AE48-303D0FD1DDEB}.Debug|x64.Build.0 = Debug|x64
		{6AE672B8-2292-4483-AE48-303D0FD1DDEB}.Debug|x86.ActiveCfg = Debug|Win32
		{6AE672B8-2292-4483-AE48-303D0FD1DDEB}.Debug|x86.Build.0 = Debug|Win32
		{6AE672B8-2292-4483-AE48-303D0FD1DDEB}.Release|x64.ActiveCfg = Release|x64
		{6AE672B8-2292-4483-AE48-303D0FD1DDEB}.Release|x64.Build.0 = Release|x64
		{6AE672B8-2292-4483-AE48-303D0FD1DDEB}.Release|x86.ActiveCfg = Release|Win32
		{6AE672B8-2292-4483-AE48-303D0FD1DDEB}.Release|x86.Build.0 = Release|Win32
	EndGlobalSection
	GlobalSection(SolutionProperties) = preSolution
		HideSolutionNode = FALSE
	EndGlobalSection
	GlobalSection(ExtensibilityGlobals) = postSolution
		SolutionGuid = {E87BBC6A-9703-4B54-9073-9958DB7C5BEE}
	EndGlobalSection
EndGlobal
